github.com/rainycape/unidecode v0.0.0-20150907023854-cb7f23ec59be h1:ta7tUOvsPHVHGom5hKW5VXNc2xZIkfCKP8iaqOyYtUQ=
github.com/rainycape/unidecode v0.0.0-20150907023854-cb7f23ec59be/go.mod h1:MIDFMn7db1kT65GmV94GzpX9Qdi7N/pQlwb+AN8wh+Q=
github.com/theTardigrade/age v1.0.0 h1:yCEEoTILFLEYkGpegVzLop2sjVk0ipn5GDs6SrHQWR8=
github.com/theTardigrade/age v1.0.0/go.mod h1:tERCTQCIfgBTPozCakL6AEc/SayibGCJ1aensM04E4E=
github.com/theTardigrade/fan v0.0.0-20190822023553-d6177ce1d8a9 h1:W2wDjTKIyD1IACB9Jwc5zFD3AHOv23x4LSTHh4xF+m8=
github.com/theTardigrade/fan v0.0.0-20190822023553-d6177ce1d8a9/go.mod h1:A+Ug2Bx/6i5WKAy5GO7OE8FULpJ2X0QiAHSSrD+Pe5w=
github.com/theTardigrade/golang-validation v0.0.0-20190802091115-cb9310ef7ac3 h1:sVpY8fszinh4/NBnmtNZdyfr2IdoR+o8j3BDCRVxTcc=
github.com/theTardigrade/golang-validation v0.0.0-20190802091115-cb9310ef7ac3/go.mod h1:/A1iYTfB6vu7F+85G6zy+Q7LoHxh8JCTnC/Mn6VddKA=
github.com/theTardigrade/validation v0.0.0-20190802091115-cb9310ef7ac3 h1:5XI1PGs1VEfyZ6g7JOmhJszmVHnOBULBB/cyTbasiQY=
github.com/theTardigrade/validation v0.0.0-20190802091115-cb9310ef7ac3/go.mod h1:vdAAd+S19DxsKDzJh40KJ+HpbetwXRLTIdETfIVOOZ8=
